# THIS IS AN AUTOGENERATED FILE. DO NOT EDIT THIS FILE DIRECTLY.
# yarn lockfile v1


"@bugsnag/browser@^7.0.0":
  version "7.0.0"
  resolved "https://registry.yarnpkg.com/@bugsnag/browser/-/browser-7.0.0.tgz#c0897815fcd440d3556c0586ac5d1a60db341cef"
  integrity sha512-EElLeBuWNRCRsLibyvYZaVJUdseNiRLP8UBp6vBr6tsug3MEtKfQgG4kkA+NIfZnStC10tzPfThJz2o76Qbj+Q==

"@bugsnag/js@^7.0.0":
  version "7.0.0"
  resolved "https://registry.yarnpkg.com/@bugsnag/js/-/js-7.0.0.tgz#fe9ce205b9f571df1a31ccc7a713ccfe87947e86"
  integrity sha512-gwDCsYL8ROh3ZdQxsoHgFG6LiGzZ3SbXrC1P7pQIl3SDxBH4SQSBFIPMgrHxPG+8xZJPaC+08eFCA4dKkywMwQ==
  dependencies:
    "@bugsnag/browser" "^7.0.0"
    "@bugsnag/node" "^7.0.0"

"@bugsnag/node@^7.0.0":
  version "7.0.0"
  resolved "https://registry.yarnpkg.com/@bugsnag/node/-/node-7.0.0.tgz#99102cf4092c27aae5ed0b771293f5089540ebc6"
  integrity sha512-YmedKskqv9yfxf3FH8P8UPQncyg0YCWbhcvPVAIw/g/Bbl/5EJjMjcFt5TNZWg94p1IRnXyll5vBL+KErCvOVA==
  dependencies:
    byline "^5.0.0"
    error-stack-parser "^2.0.2"
    iserror "^0.0.2"
    pump "^3.0.0"
    stack-generator "^2.0.3"

byline@^5.0.0:
  version "5.0.0"
  resolved "https://registry.yarnpkg.com/byline/-/byline-5.0.0.tgz#741c5216468eadc457b03410118ad77de8c1ddb1"
  integrity sha1-dBxSFkaOrcRXsDQQEYrXfejB3bE=

end-of-stream@^1.1.0:
  version "1.4.4"
  resolved "https://registry.yarnpkg.com/end-of-stream/-/end-of-stream-1.4.4.tgz#5ae64a5f45057baf3626ec14da0ca5e4b2431eb0"
  integrity sha512-+uw1inIHVPQoaVuHzRyXd21icM+cnt4CzD5rW+NC1wjOUSTOs+Te7FOv7AhN7vS9x/oIyhLP5PR1H+phQAHu5Q==
  dependencies:
    once "^1.4.0"

error-stack-parser@^2.0.2:
  version "2.0.6"
  resolved "https://registry.yarnpkg.com/error-stack-parser/-/error-stack-parser-2.0.6.tgz#5a99a707bd7a4c58a797902d48d82803ede6aad8"
  integrity sha512-d51brTeqC+BHlwF0BhPtcYgF5nlzf9ZZ0ZIUQNZpc9ZB9qw5IJ2diTrBY9jlCJkTLITYPjmiX6OWCwH+fuyNgQ==
  dependencies:
    stackframe "^1.1.1"

iserror@^0.0.2:
  version "0.0.2"
  resolved "https://registry.yarnpkg.com/iserror/-/iserror-0.0.2.tgz#bd53451fe2f668b9f2402c1966787aaa2c7c0bf5"
  integrity sha1-vVNFH+L2aLnyQCwZZnh6qix8C/U=

once@^1.3.1, once@^1.4.0:
  version "1.4.0"
  resolved "https://registry.yarnpkg.com/once/-/once-1.4.0.tgz#583b1aa775961d4b113ac17d9c50baef9dd76bd1"
  integrity sha1-WDsap3WWHUsROsF9nFC6753Xa9E=
  dependencies:
    wrappy "1"

pump@^3.0.0:
  version "3.0.0"
  resolved "https://registry.yarnpkg.com/pump/-/pump-3.0.0.tgz#b4a2116815bde2f4e1ea602354e8c75565107a64"
  integrity sha512-LwZy+p3SFs1Pytd/jYct4wpv49HiYCqd9Rlc5ZVdk0V+8Yzv6jR5Blk3TRmPL1ft69TxP0IMZGJ+WPFU2BFhww==
  dependencies:
    end-of-stream "^1.1.0"
    once "^1.3.1"

stack-generator@^2.0.3:
  version "2.0.5"
  resolved "https://registry.yarnpkg.com/stack-generator/-/stack-generator-2.0.5.tgz#fb00e5b4ee97de603e0773ea78ce944d81596c36"
  integrity sha512-/t1ebrbHkrLrDuNMdeAcsvynWgoH/i4o8EGGfX7dEYDoTXOYVAkEpFdtshlvabzc6JlJ8Kf9YdFEoz7JkzGN9Q==
  dependencies:
    stackframe "^1.1.1"

stackframe@^1.1.1:
  version "1.1.1"
  resolved "https://registry.yarnpkg.com/stackframe/-/stackframe-1.1.1.tgz#ffef0a3318b1b60c3b58564989aca5660729ec71"
  integrity sha512-0PlYhdKh6AfFxRyK/v+6/k+/mMfyiEBbTM5L94D0ZytQnJ166wuwoTYLHFWGbs2dpA8Rgq763KGWmN1EQEYHRQ==

typescript@^3.8.3:
  version "3.8.3"
  resolved "https://registry.yarnpkg.com/typescript/-/typescript-3.8.3.tgz#409eb8544ea0335711205869ec458ab109ee1061"
  integrity sha512-MYlEfn5VrLNsgudQTVJeNaQFUAI7DkhnOjdpAp4T+ku1TfQClewlbSuTVHiA+8skNBgaf02TL/kLOvig4y3G8w==

wrappy@1:
  version "1.0.2"
  resolved "https://registry.yarnpkg.com/wrappy/-/wrappy-1.0.2.tgz#b5243d8f3ec1aa35f1364605bc0d1036e30ab69f"
  integrity sha1-tSQ9jz7BqjXxNkYFvA0QNuMKtp8=
