# THIS IS AN AUTOGENERATED FILE. DO NOT EDIT THIS FILE DIRECTLY.
# yarn lockfile v1


"@bugsnag/browser@^7.20.0":
  version "7.20.0"
  resolved "https://registry.yarnpkg.com/@bugsnag/browser/-/browser-7.20.0.tgz#1c18d7f78bb605cc85b005138f0f6a34793d0edc"
  integrity sha512-LzZWI6q5cWYQSXvfJDcSl287d2xXESVn0L20lK+K5nwo/jXcK9IVZr9L+CYZ40HVXaC9jOmQbqZ18hsbO2QNIw==
  dependencies:
    "@bugsnag/core" "^7.19.0"

"@bugsnag/core@^7.19.0":
  version "7.19.0"
  resolved "https://registry.yarnpkg.com/@bugsnag/core/-/core-7.19.0.tgz#7663a4addb1322e8315a4012dc9db2aad3fea53b"
  integrity sha512-2KGwdaLD9PhR7Wk7xPi3jGuGsKTatc/28U4TOZIDU3CgC2QhGjubwiXSECel5gwxhZ3jACKcMKSV2ovHhv1NrA==
  dependencies:
    "@bugsnag/cuid" "^3.0.0"
    "@bugsnag/safe-json-stringify" "^6.0.0"
    error-stack-parser "^2.0.3"
    iserror "0.0.2"
    stack-generator "^2.0.3"

"@bugsnag/cuid@^3.0.0":
  version "3.0.2"
  resolved "https://registry.yarnpkg.com/@bugsnag/cuid/-/cuid-3.0.2.tgz#544f8e6e7e3768c8cb618ca5c5fb1eea6aacbb7e"
  integrity sha512-cIwzC93r3PQ/INeuwtZwkZIG2K8WWN0rRLZQhu+mr48Ay+i6sEki4GYfTsflse7hZ1BeDWrNb/Q9vgY3B31xHQ==

"@bugsnag/js@^7.0.0":
  version "7.20.0"
  resolved "https://registry.yarnpkg.com/@bugsnag/js/-/js-7.20.0.tgz#a526d074e2d2719d290ebb3479ec4b9e26dbd164"
  integrity sha512-lhUUSOveE8fP10RagAINqBmuH+eoOpyUOiTN1WRkjHUevWG0LZjRRUWEGN3AA+ZyTphmC6ljd2qE3/64qfOSGQ==
  dependencies:
    "@bugsnag/browser" "^7.20.0"
    "@bugsnag/node" "^7.19.0"

"@bugsnag/node@^7.19.0":
  version "7.19.0"
  resolved "https://registry.yarnpkg.com/@bugsnag/node/-/node-7.19.0.tgz#6a8e5d0f5e73a1d0bad19537def1a7ff65e19787"
  integrity sha512-c4snyxx5d/fsMogmgehFBGc//daH6+4XCplia4zrEQYltjaQ+l8ud0dPx623DgJl/2j1+2zlRc7y7IHSd7Gm5w==
  dependencies:
    "@bugsnag/core" "^7.19.0"
    byline "^5.0.0"
    error-stack-parser "^2.0.2"
    iserror "^0.0.2"
    pump "^3.0.0"
    stack-generator "^2.0.3"

"@bugsnag/safe-json-stringify@^6.0.0":
  version "6.0.0"
  resolved "https://registry.yarnpkg.com/@bugsnag/safe-json-stringify/-/safe-json-stringify-6.0.0.tgz#22abdcd83e008c369902976730c34c150148a758"
  integrity sha512-htzFO1Zc57S8kgdRK9mLcPVTW1BY2ijfH7Dk2CeZmspTWKdKqSo1iwmqrq2WtRjFlo8aRZYgLX0wFrDXF/9DLA==

byline@^5.0.0:
  version "5.0.0"
  resolved "https://registry.yarnpkg.com/byline/-/byline-5.0.0.tgz#741c5216468eadc457b03410118ad77de8c1ddb1"
  integrity sha512-s6webAy+R4SR8XVuJWt2V2rGvhnrhxN+9S15GNuTK3wKPOXFF6RNc+8ug2XhH+2s4f+uudG4kUVYmYOQWL2g0Q==

end-of-stream@^1.1.0:
  version "1.4.4"
  resolved "https://registry.yarnpkg.com/end-of-stream/-/end-of-stream-1.4.4.tgz#5ae64a5f45057baf3626ec14da0ca5e4b2431eb0"
  integrity sha512-+uw1inIHVPQoaVuHzRyXd21icM+cnt4CzD5rW+NC1wjOUSTOs+Te7FOv7AhN7vS9x/oIyhLP5PR1H+phQAHu5Q==
  dependencies:
    once "^1.4.0"

error-stack-parser@^2.0.2, error-stack-parser@^2.0.3:
  version "2.1.4"
  resolved "https://registry.yarnpkg.com/error-stack-parser/-/error-stack-parser-2.1.4.tgz#229cb01cdbfa84440bfa91876285b94680188286"
  integrity sha512-Sk5V6wVazPhq5MhpO+AUxJn5x7XSXGl1R93Vn7i+zS15KDVxQijejNCrz8340/2bgLBjR9GtEG8ZVKONDjcqGQ==
  dependencies:
    stackframe "^1.3.4"

iserror@0.0.2, iserror@^0.0.2:
  version "0.0.2"
  resolved "https://registry.yarnpkg.com/iserror/-/iserror-0.0.2.tgz#bd53451fe2f668b9f2402c1966787aaa2c7c0bf5"
  integrity sha512-oKGGrFVaWwETimP3SiWwjDeY27ovZoyZPHtxblC4hCq9fXxed/jasx+ATWFFjCVSRZng8VTMsN1nDnGo6zMBSw==

once@^1.3.1, once@^1.4.0:
  version "1.4.0"
  resolved "https://registry.yarnpkg.com/once/-/once-1.4.0.tgz#583b1aa775961d4b113ac17d9c50baef9dd76bd1"
  integrity sha512-lNaJgI+2Q5URQBkccEKHTQOPaXdUxnZZElQTZY0MFUAuaEqe1E+Nyvgdz/aIyNi6Z9MzO5dv1H8n58/GELp3+w==
  dependencies:
    wrappy "1"

pump@^3.0.0:
  version "3.0.0"
  resolved "https://registry.yarnpkg.com/pump/-/pump-3.0.0.tgz#b4a2116815bde2f4e1ea602354e8c75565107a64"
  integrity sha512-LwZy+p3SFs1Pytd/jYct4wpv49HiYCqd9Rlc5ZVdk0V+8Yzv6jR5Blk3TRmPL1ft69TxP0IMZGJ+WPFU2BFhww==
  dependencies:
    end-of-stream "^1.1.0"
    once "^1.3.1"

stack-generator@^2.0.3:
  version "2.0.10"
  resolved "https://registry.yarnpkg.com/stack-generator/-/stack-generator-2.0.10.tgz#8ae171e985ed62287d4f1ed55a1633b3fb53bb4d"
  integrity sha512-mwnua/hkqM6pF4k8SnmZ2zfETsRUpWXREfA/goT8SLCV4iOFa4bzOX2nDipWAZFPTjLvQB82f5yaodMVhK0yJQ==
  dependencies:
    stackframe "^1.3.4"

stackframe@^1.3.4:
  version "1.3.4"
  resolved "https://registry.yarnpkg.com/stackframe/-/stackframe-1.3.4.tgz#b881a004c8c149a5e8efef37d51b16e412943310"
  integrity sha512-oeVtt7eWQS+Na6F//S4kJ2K2VbRlS9D43mAlMyVpVWovy9o+jfgH8O9agzANzaiLjclA0oYzUXEM4PurhSUChw==

typescript@^5.0.4:
  version "5.0.4"
  resolved "https://registry.yarnpkg.com/typescript/-/typescript-5.0.4.tgz#b217fd20119bd61a94d4011274e0ab369058da3b"
  integrity sha512-cW9T5W9xY37cc+jfEnaUvX91foxtHkza3Nw3wkoF4sSlKn0MONdkdEndig/qPBWXNkmplh3NzayQzCiHM4/hqw==

wrappy@1:
  version "1.0.2"
  resolved "https://registry.yarnpkg.com/wrappy/-/wrappy-1.0.2.tgz#b5243d8f3ec1aa35f1364605bc0d1036e30ab69f"
  integrity sha512-l4Sp/DRseor9wL6EvV2+TuQn63dMkPjZ/sp9XkghTEbV9KlPS1xUsZ3u7/IQO4wxtcFB4bgpQPRcR3QCvezPcQ==
